
Microsoft Visual Studio Solution File, Format Version 12.00
# Visual Studio Version 17
VisualStudioVersion = 17.8.34316.72
MinimumVisualStudioVersion = 10.0.40219.1
Project("{FAE04EC0-301F-11D3-BF4B-00C04F79EFBC}") = "kr_5", "kr_5\kr_5.csproj", "{1523E975-5027-416B-98B0-11AB84449AB0}"
EndProject
Global
	GlobalSection(SolutionConfigurationPlatforms) = preSolution
		Debug|Any CPU = Debug|Any CPU
		Release|Any CPU = Release|Any CPU
	EndGlobalSection
	GlobalSection(ProjectConfigurationPlatforms) = postSolution
		{1523E975-5027-416B-98B0-11AB84449AB0}.Debug|Any CPU.ActiveCfg = Debug|Any CPU
		{1523E975-5027-416B-98B0-11AB84449AB0}.Debug|Any CPU.Build.0 = Debug|Any CPU
		{1523E975-5027-416B-98B0-11AB84449AB0}.Release|Any CPU.ActiveCfg = Release|Any CPU
		{1523E975-5027-416B-98B0-11AB84449AB0}.Release|Any CPU.Build.0 = Release|Any CPU
	EndGlobalSection
	GlobalSection(SolutionProperties) = preSolution //хууууууууууууууу
		HideSolutionNode = FALSE
	EndGlobalSection
	GlobalSection(ExtensibilityGlobals) = postSolution
		SolutionGuid = {00AEDD29-D82B-4F5A-A945-349980A8E9C7}
	EndGlobalSection
EndGlobal
